
Microsoft Visual Studio Solution File, Format Version 12.00
# Visual Studio Version 16
VisualStudioVersion = 16.0.33328.57
MinimumVisualStudioVersion = 10.0.40219.1
Project("{8BC9CEB8-8B4A-11D0-8D11-00A0C91BC942}") = "task01", "task01\task01.vcxproj", "{A4766C1F-77EE-4559-B7D5-8815E77202A8}"
EndProject
Project("{8BC9CEB8-8B4A-11D0-8D11-00A0C91BC942}") = "task02", "task02\task02.vcxproj", "{7D695A4F-1AB6-496D-8A2B-0F78614FABE5}"
EndProject
Project("{8BC9CEB8-8B4A-11D0-8D11-00A0C91BC942}") = "task03", "task03\task03.vcxproj", "{B975F898-FCA5-4C7D-A3BB-BBCA211A107B}"
EndProject
Project("{8BC9CEB8-8B4A-11D0-8D11-00A0C91BC942}") = "task04", "task04\task04.vcxproj", "{42A14F07-ED2E-4C91-896A-12FF65BB5961}"
EndProject
Project("{8BC9CEB8-8B4A-11D0-8D11-00A0C91BC942}") = "task05", "task05\task05.vcxproj", "{B399FDBF-B302-41A8-BB80-6C1DE723712E}"
EndProject
Project("{8BC9CEB8-8B4A-11D0-8D11-00A0C91BC942}") = "task06", "task06\task06.vcxproj", "{E3FEEFFF-F81E-4325-8E7E-A763B0EBCEC6}"
EndProject
Global
	GlobalSection(SolutionConfigurationPlatforms) = preSolution
		Debug|x64 = Debug|x64
		Debug|x86 = Debug|x86
		Release|x64 = Release|x64
		Release|x86 = Release|x86
	EndGlobalSection
	GlobalSection(ProjectConfigurationPlatforms) = postSolution
		{A4766C1F-77EE-4559-B7D5-8815E77202A8}.Debug|x64.ActiveCfg = Debug|x64
		{A4766C1F-77EE-4559-B7D5-8815E77202A8}.Debug|x64.Build.0 = Debug|x64
		{A4766C1F-77EE-4559-B7D5-8815E77202A8}.Debug|x86.ActiveCfg = Debug|Win32
		{A4766C1F-77EE-4559-B7D5-8815E77202A8}.Debug|x86.Build.0 = Debug|Win32
		{A4766C1F-77EE-4559-B7D5-8815E77202A8}.Release|x64.ActiveCfg = Release|x64
		{A4766C1F-77EE-4559-B7D5-8815E77202A8}.Release|x64.Build.0 = Release|x64
		{A4766C1F-77EE-4559-B7D5-8815E77202A8}.Release|x86.ActiveCfg = Release|Win32
		{A4766C1F-77EE-4559-B7D5-8815E77202A8}.Release|x86.Build.0 = Release|Win32
		{7D695A4F-1AB6-496D-8A2B-0F78614FABE5}.Debug|x64.ActiveCfg = Debug|x64
		{7D695A4F-1AB6-496D-8A2B-0F78614FABE5}.Debug|x64.Build.0 = Debug|x64
		{7D695A4F-1AB6-496D-8A2B-0F78614FABE5}.Debug|x86.ActiveCfg = Debug|Win32
		{7D695A4F-1AB6-496D-8A2B-0F78614FABE5}.Debug|x86.Build.0 = Debug|Win32
		{7D695A4F-1AB6-496D-8A2B-0F78614FABE5}.Release|x64.ActiveCfg = Release|x64
		{7D695A4F-1AB6-496D-8A2B-0F78614FABE5}.Release|x64.Build.0 = Release|x64
		{7D695A4F-1AB6-496D-8A2B-0F78614FABE5}.Release|x86.ActiveCfg = Release|Win32
		{7D695A4F-1AB6-496D-8A2B-0F78614FABE5}.Release|x86.Build.0 = Release|Win32
		{B975F898-FCA5-4C7D-A3BB-BBCA211A107B}.Debug|x64.ActiveCfg = Debug|x64
		{B975F898-FCA5-4C7D-A3BB-BBCA211A107B}.Debug|x64.Build.0 = Debug|x64
		{B975F898-FCA5-4C7D-A3BB-BBCA211A107B}.Debug|x86.ActiveCfg = Debug|Win32
		{B975F898-FCA5-4C7D-A3BB-BBCA211A107B}.Debug|x86.Build.0 = Debug|Win32
		{B975F898-FCA5-4C7D-A3BB-BBCA211A107B}.Release|x64.ActiveCfg = Release|x64
		{B975F898-FCA5-4C7D-A3BB-BBCA211A107B}.Release|x64.Build.0 = Release|x64
		{B975F898-FCA5-4C7D-A3BB-BBCA211A107B}.Release|x86.ActiveCfg = Release|Win32
		{B975F898-FCA5-4C7D-A3BB-BBCA211A107B}.Release|x86.Build.0 = Release|Win32
		{42A14F07-ED2E-4C91-896A-12FF65BB5961}.Debug|x64.ActiveCfg = Debug|x64
		{42A14F07-ED2E-4C91-896A-12FF65BB5961}.Debug|x64.Build.0 = Debug|x64
		{42A14F07-ED2E-4C91-896A-12FF65BB5961}.Debug|x86.ActiveCfg = Debug|Win32
		{42A14F07-ED2E-4C91-896A-12FF65BB5961}.Debug|x86.Build.0 = Debug|Win32
		{42A14F07-ED2E-4C91-896A-12FF65BB5961}.Release|x64.ActiveCfg = Release|x64
		{42A14F07-ED2E-4C91-896A-12FF65BB5961}.Release|x64.Build.0 = Release|x64
		{42A14F07-ED2E-4C91-896A-12FF65BB5961}.Release|x86.ActiveCfg = Release|Win32
		{42A14F07-ED2E-4C91-896A-12FF65BB5961}.Release|x86.Build.0 = Release|Win32
		{B399FDBF-B302-41A8-BB80-6C1DE723712E}.Debug|x64.ActiveCfg = Debug|x64
		{B399FDBF-B302-41A8-BB80-6C1DE723712E}.Debug|x64.Build.0 = Debug|x64
		{B399FDBF-B302-41A8-BB80-6C1DE723712E}.Debug|x86.ActiveCfg = Debug|Win32
		{B399FDBF-B302-41A8-BB80-6C1DE723712E}.Debug|x86.Build.0 = Debug|Win32
		{B399FDBF-B302-41A8-BB80-6C1DE723712E}.Release|x64.ActiveCfg = Release|x64
		{B399FDBF-B302-41A8-BB80-6C1DE723712E}.Release|x64.Build.0 = Release|x64
		{B399FDBF-B302-41A8-BB80-6C1DE723712E}.Release|x86.ActiveCfg = Release|Win32
		{B399FDBF-B302-41A8-BB80-6C1DE723712E}.Release|x86.Build.0 = Release|Win32
		{E3FEEFFF-F81E-4325-8E7E-A763B0EBCEC6}.Debug|x64.ActiveCfg = Debug|x64
		{E3FEEFFF-F81E-4325-8E7E-A763B0EBCEC6}.Debug|x64.Build.0 = Debug|x64
		{E3FEEFFF-F81E-4325-8E7E-A763B0EBCEC6}.Debug|x86.ActiveCfg = Debug|Win32
		{E3FEEFFF-F81E-4325-8E7E-A763B0EBCEC6}.Debug|x86.Build.0 = Debug|Win32
		{E3FEEFFF-F81E-4325-8E7E-A763B0EBCEC6}.Release|x64.ActiveCfg = Release|x64
		{E3FEEFFF-F81E-4325-8E7E-A763B0EBCEC6}.Release|x64.Build.0 = Release|x64
		{E3FEEFFF-F81E-4325-8E7E-A763B0EBCEC6}.Release|x86.ActiveCfg = Release|Win32
		{E3FEEFFF-F81E-4325-8E7E-A763B0EBCEC6}.Release|x86.Build.0 = Release|Win32
	EndGlobalSection
	GlobalSection(SolutionProperties) = preSolution
		HideSolutionNode = FALSE
	EndGlobalSection
	GlobalSection(ExtensibilityGlobals) = postSolution
		SolutionGuid = {579D636B-9F3E-4194-B58B-356C9D00306E}
	EndGlobalSection
EndGlobal
