
Microsoft Visual Studio Solution File, Format Version 12.00
# Visual Studio Version 16
VisualStudioVersion = 16.0.33328.57
MinimumVisualStudioVersion = 10.0.40219.1
Project("{8BC9CEB8-8B4A-11D0-8D11-00A0C91BC942}") = "Lab03", "Lab03\Lab03.vcxproj", "{EB43B823-2406-4F7C-8B48-A8BB742DEADC}"
EndProject
Global
	GlobalSection(SolutionConfigurationPlatforms) = preSolution
		Debug|x64 = Debug|x64
		Debug|x86 = Debug|x86
		Release|x64 = Release|x64
		Release|x86 = Release|x86
	EndGlobalSection
	GlobalSection(ProjectConfigurationPlatforms) = postSolution
		{EB43B823-2406-4F7C-8B48-A8BB742DEADC}.Debug|x64.ActiveCfg = Debug|x64
		{EB43B823-2406-4F7C-8B48-A8BB742DEADC}.Debug|x64.Build.0 = Debug|x64
		{EB43B823-2406-4F7C-8B48-A8BB742DEADC}.Debug|x86.ActiveCfg = Debug|Win32
		{EB43B823-2406-4F7C-8B48-A8BB742DEADC}.Debug|x86.Build.0 = Debug|Win32
		{EB43B823-2406-4F7C-8B48-A8BB742DEADC}.Release|x64.ActiveCfg = Release|x64
		{EB43B823-2406-4F7C-8B48-A8BB742DEADC}.Release|x64.Build.0 = Release|x64
		{EB43B823-2406-4F7C-8B48-A8BB742DEADC}.Release|x86.ActiveCfg = Release|Win32
		{EB43B823-2406-4F7C-8B48-A8BB742DEADC}.Release|x86.Build.0 = Release|Win32
	EndGlobalSection
	GlobalSection(SolutionProperties) = preSolution
		HideSolutionNode = FALSE
	EndGlobalSection
	GlobalSection(ExtensibilityGlobals) = postSolution
		SolutionGuid = {3D2563BA-160D-4592-8466-C632F37560FD}
	EndGlobalSection
EndGlobal
